
Microsoft Visual Studio Solution File, Format Version 12.00
# Visual Studio 15
VisualStudioVersion = 15.0.26206.0
MinimumVisualStudioVersion = 10.0.40219.1
Project("{2150E333-8FDC-42A3-9474-1A3956D46DE8}") = "src", "src", "{340616AE-7FE1-4D7E-B6DE-C70301C02B2B}"
EndProject
Project("{2150E333-8FDC-42A3-9474-1A3956D46DE8}") = "Solution Items", "Solution Items", "{DDFB6C5D-D78A-495C-942F-403DC2C3EBA2}"
	ProjectSection(SolutionItems) = preProject
		global.json = global.json
	EndProjectSection
EndProject
Project("{9A19103F-16F7-4668-BE54-9A1E7A4F7556}") = "Grid Planner", "src\Grid Planner\Grid Planner.csproj", "{C93D0841-C0E0-4368-84AB-79D9D6B39676}"
	ProjectSection(ProjectDependencies) = postProject
		{83780F29-FDAD-4DAC-A4BA-385D761FDD03} = {83780F29-FDAD-4DAC-A4BA-385D761FDD03}
	EndProjectSection
EndProject
Project("{9A19103F-16F7-4668-BE54-9A1E7A4F7556}") = "Grid Planner - Unit Test", "Grid Planner - Unit Test\Grid Planner - Unit Test.csproj", "{D63FA057-0646-43A2-832E-367A323987B0}"
EndProject
Project("{FAE04EC0-301F-11D3-BF4B-00C04F79EFBC}") = "ExplorationViewer", "..\..\tesi-triennale\Simulation\Tools\ExplorationViewer\ExplorationViewer.csproj", "{15602DCF-BA0D-4517-A78C-A3588053E5CA}"
EndProject
Project("{FAE04EC0-301F-11D3-BF4B-00C04F79EFBC}") = "SAREnvironmentLib", "SAREnvCoreLib\SAREnvironmentLib.csproj", "{83780F29-FDAD-4DAC-A4BA-385D761FDD03}"
EndProject
Global
	GlobalSection(SolutionConfigurationPlatforms) = preSolution
		Debug|Any CPU = Debug|Any CPU
		Debug|x64 = Debug|x64
		Debug|x86 = Debug|x86
		Release|Any CPU = Release|Any CPU
		Release|x64 = Release|x64
		Release|x86 = Release|x86
	EndGlobalSection
	GlobalSection(ProjectConfigurationPlatforms) = postSolution
		{C93D0841-C0E0-4368-84AB-79D9D6B39676}.Debug|Any CPU.ActiveCfg = Debug|Any CPU
		{C93D0841-C0E0-4368-84AB-79D9D6B39676}.Debug|Any CPU.Build.0 = Debug|Any CPU
		{C93D0841-C0E0-4368-84AB-79D9D6B39676}.Debug|x64.ActiveCfg = Debug|x64
		{C93D0841-C0E0-4368-84AB-79D9D6B39676}.Debug|x64.Build.0 = Debug|x64
		{C93D0841-C0E0-4368-84AB-79D9D6B39676}.Debug|x86.ActiveCfg = Debug|x86
		{C93D0841-C0E0-4368-84AB-79D9D6B39676}.Debug|x86.Build.0 = Debug|x86
		{C93D0841-C0E0-4368-84AB-79D9D6B39676}.Release|Any CPU.ActiveCfg = Release|Any CPU
		{C93D0841-C0E0-4368-84AB-79D9D6B39676}.Release|Any CPU.Build.0 = Release|Any CPU
		{C93D0841-C0E0-4368-84AB-79D9D6B39676}.Release|x64.ActiveCfg = Release|x64
		{C93D0841-C0E0-4368-84AB-79D9D6B39676}.Release|x64.Build.0 = Release|x64
		{C93D0841-C0E0-4368-84AB-79D9D6B39676}.Release|x86.ActiveCfg = Release|x86
		{C93D0841-C0E0-4368-84AB-79D9D6B39676}.Release|x86.Build.0 = Release|x86
		{D63FA057-0646-43A2-832E-367A323987B0}.Debug|Any CPU.ActiveCfg = Debug|Any CPU
		{D63FA057-0646-43A2-832E-367A323987B0}.Debug|Any CPU.Build.0 = Debug|Any CPU
		{D63FA057-0646-43A2-832E-367A323987B0}.Debug|x64.ActiveCfg = Debug|x64
		{D63FA057-0646-43A2-832E-367A323987B0}.Debug|x64.Build.0 = Debug|x64
		{D63FA057-0646-43A2-832E-367A323987B0}.Debug|x86.ActiveCfg = Debug|x86
		{D63FA057-0646-43A2-832E-367A323987B0}.Debug|x86.Build.0 = Debug|x86
		{D63FA057-0646-43A2-832E-367A323987B0}.Release|Any CPU.ActiveCfg = Release|Any CPU
		{D63FA057-0646-43A2-832E-367A323987B0}.Release|Any CPU.Build.0 = Release|Any CPU
		{D63FA057-0646-43A2-832E-367A323987B0}.Release|x64.ActiveCfg = Release|x64
		{D63FA057-0646-43A2-832E-367A323987B0}.Release|x64.Build.0 = Release|x64
		{D63FA057-0646-43A2-832E-367A323987B0}.Release|x86.ActiveCfg = Release|x86
		{D63FA057-0646-43A2-832E-367A323987B0}.Release|x86.Build.0 = Release|x86
		{15602DCF-BA0D-4517-A78C-A3588053E5CA}.Debug|Any CPU.ActiveCfg = Debug|Any CPU
		{15602DCF-BA0D-4517-A78C-A3588053E5CA}.Debug|Any CPU.Build.0 = Debug|Any CPU
		{15602DCF-BA0D-4517-A78C-A3588053E5CA}.Debug|x64.ActiveCfg = Debug|Any CPU
		{15602DCF-BA0D-4517-A78C-A3588053E5CA}.Debug|x64.Build.0 = Debug|Any CPU
		{15602DCF-BA0D-4517-A78C-A3588053E5CA}.Debug|x86.ActiveCfg = Debug|Any CPU
		{15602DCF-BA0D-4517-A78C-A3588053E5CA}.Debug|x86.Build.0 = Debug|Any CPU
		{15602DCF-BA0D-4517-A78C-A3588053E5CA}.Release|Any CPU.ActiveCfg = Release|Any CPU
		{15602DCF-BA0D-4517-A78C-A3588053E5CA}.Release|Any CPU.Build.0 = Release|Any CPU
		{15602DCF-BA0D-4517-A78C-A3588053E5CA}.Release|x64.ActiveCfg = Release|Any CPU
		{15602DCF-BA0D-4517-A78C-A3588053E5CA}.Release|x64.Build.0 = Release|Any CPU
		{15602DCF-BA0D-4517-A78C-A3588053E5CA}.Release|x86.ActiveCfg = Release|Any CPU
		{15602DCF-BA0D-4517-A78C-A3588053E5CA}.Release|x86.Build.0 = Release|Any CPU
		{83780F29-FDAD-4DAC-A4BA-385D761FDD03}.Debug|Any CPU.ActiveCfg = Debug|Any CPU
		{83780F29-FDAD-4DAC-A4BA-385D761FDD03}.Debug|Any CPU.Build.0 = Debug|Any CPU
		{83780F29-FDAD-4DAC-A4BA-385D761FDD03}.Debug|x64.ActiveCfg = Debug|x64
		{83780F29-FDAD-4DAC-A4BA-385D761FDD03}.Debug|x64.Build.0 = Debug|x64
		{83780F29-FDAD-4DAC-A4BA-385D761FDD03}.Debug|x86.ActiveCfg = Debug|x86
		{83780F29-FDAD-4DAC-A4BA-385D761FDD03}.Debug|x86.Build.0 = Debug|x86
		{83780F29-FDAD-4DAC-A4BA-385D761FDD03}.Release|Any CPU.ActiveCfg = Release|Any CPU
		{83780F29-FDAD-4DAC-A4BA-385D761FDD03}.Release|Any CPU.Build.0 = Release|Any CPU
		{83780F29-FDAD-4DAC-A4BA-385D761FDD03}.Release|x64.ActiveCfg = Release|x64
		{83780F29-FDAD-4DAC-A4BA-385D761FDD03}.Release|x64.Build.0 = Release|x64
		{83780F29-FDAD-4DAC-A4BA-385D761FDD03}.Release|x86.ActiveCfg = Release|x86
		{83780F29-FDAD-4DAC-A4BA-385D761FDD03}.Release|x86.Build.0 = Release|x86
	EndGlobalSection
	GlobalSection(SolutionProperties) = preSolution
		HideSolutionNode = FALSE
	EndGlobalSection
	GlobalSection(NestedProjects) = preSolution
		{C93D0841-C0E0-4368-84AB-79D9D6B39676} = {340616AE-7FE1-4D7E-B6DE-C70301C02B2B}
	EndGlobalSection
EndGlobal
